{
  "version": 4,
  "terraform_version": "1.13.4",
  "serial": 144,
  "lineage": "cbeb99cb-9581-a30c-e9a9-3aa8fade6a26",
  "outputs": {},
  "resources": [
    {
      "mode": "managed",
      "type": "aws_internet_gateway",
      "name": "ocp",
      "provider": "provider[\"registry.terraform.io/hashicorp/aws\"]",
      "instances": [
        {
          "schema_version": 0,
          "attributes": {
            "arn": "arn:aws:ec2:us-east-1:853973692277:internet-gateway/igw-0f208ee6b4e8c556b",
            "id": "igw-0f208ee6b4e8c556b",
            "owner_id": "853973692277",
            "tags": {
              "Environment": "poc",
              "ManagedBy": "terraform",
              "Name": "ocp-poc-igw",
              "Project": "ocp-poc",
              "createdby": "pradeepsn@presidio.com",
              "modifiedby": "pradeepsn@presidio.com"
            },
            "tags_all": {
              "Environment": "poc",
              "ManagedBy": "terraform",
              "Name": "ocp-poc-igw",
              "Project": "ocp-poc",
              "createdby": "pradeepsn@presidio.com",
              "modifiedby": "pradeepsn@presidio.com"
            },
            "timeouts": null,
            "vpc_id": "vpc-08d855c62dab21d5e"
          },
          "sensitive_attributes": [],
          "identity_schema_version": 0,
          "private": "eyJlMmJmYjczMC1lY2FhLTExZTYtOGY4OC0zNDM2M2JjN2M0YzAiOnsiY3JlYXRlIjoxMjAwMDAwMDAwMDAwLCJkZWxldGUiOjEyMDAwMDAwMDAwMDAsInVwZGF0ZSI6MTIwMDAwMDAwMDAwMH19",
          "dependencies": [
            "aws_vpc.ocp"
          ]
        }
      ]
    },
    {
      "mode": "managed",
      "type": "aws_vpc",
      "name": "ocp",
      "provider": "provider[\"registry.terraform.io/hashicorp/aws\"]",
      "instances": [
        {
          "schema_version": 1,
          "attributes": {
            "arn": "arn:aws:ec2:us-east-1:853973692277:vpc/vpc-08d855c62dab21d5e",
            "assign_generated_ipv6_cidr_block": false,
            "cidr_block": "10.0.0.0/16",
            "default_network_acl_id": "acl-0c6fd833793c03539",
            "default_route_table_id": "rtb-08a9e89853afcc726",
            "default_security_group_id": "sg-04b26e4c469208f32",
            "dhcp_options_id": "dopt-007300fa63bcb8150",
            "enable_dns_hostnames": true,
            "enable_dns_support": true,
            "enable_network_address_usage_metrics": false,
            "id": "vpc-08d855c62dab21d5e",
            "instance_tenancy": "default",
            "ipv4_ipam_pool_id": null,
            "ipv4_netmask_length": null,
            "ipv6_association_id": "",
            "ipv6_cidr_block": "",
            "ipv6_cidr_block_network_border_group": "",
            "ipv6_ipam_pool_id": "",
            "ipv6_netmask_length": 0,
            "main_route_table_id": "rtb-08a9e89853afcc726",
            "owner_id": "853973692277",
            "tags": {
              "Environment": "poc",
              "ManagedBy": "terraform",
              "Name": "ocp-poc-vpc",
              "Project": "ocp-poc",
              "createdby": "pradeepsn@presidio.com",
              "modifiedby": "pradeepsn@presidio.com"
            },
            "tags_all": {
              "Environment": "poc",
              "ManagedBy": "terraform",
              "Name": "ocp-poc-vpc",
              "Project": "ocp-poc",
              "createdby": "pradeepsn@presidio.com",
              "modifiedby": "pradeepsn@presidio.com"
            }
          },
          "sensitive_attributes": [],
          "identity_schema_version": 0,
          "private": "eyJzY2hlbWFfdmVyc2lvbiI6IjEifQ=="
        }
      ]
    }
  ],
  "check_results": null
}
