{
  "version": 4,
  "terraform_version": "1.13.4",
  "serial": 177,
  "lineage": "cbeb99cb-9581-a30c-e9a9-3aa8fade6a26",
  "outputs": {
    "bastion_private_ip": {
      "value": "10.0.1.10",
      "type": "string"
    },
    "bastion_public_ip": {
      "value": "3.216.134.223",
      "type": "string"
    },
    "cluster_api_url": {
      "value": "https://api.ocp-poc.example.com:6443",
      "type": "string"
    },
    "cluster_console_url": {
      "value": "https://console-openshift-console.apps.ocp-poc.example.com",
      "type": "string"
    },
    "next_steps": {
      "value": "1. Wait ~10 min for bastion to finish setup:\n   ssh ubuntu@3.216.134.223 'tail -f /var/log/bastion-init.log'\n\n2. Once bastion shows 'BASTION READY', run the volume-swap script:\n   ./complete-setup.sh 3.216.134.223 us-east-1 ocp-poc\n\n3. Monitor bootstrap from bastion:\n   ssh ubuntu@3.216.134.223\n   openshift-install wait-for bootstrap-complete --dir=~/ocp-install --log-level=info\n\n4. After bootstrap completes, approve worker CSRs:\n   export KUBECONFIG=~/ocp-install/auth/kubeconfig\n   oc get csr | grep Pending | awk '{print $1}' | xargs oc adm certificate approve\n\n5. Monitor install completion:\n   openshift-install wait-for install-complete --dir=~/ocp-install --log-level=info\n",
      "type": "string"
    },
    "node_ips": {
      "value": {
        "bootstrap": {
          "private_ip": "10.0.1.20",
          "public_ip": "32.196.120.72",
          "role": "bootstrap"
        },
        "master0": {
          "private_ip": "10.0.1.21",
          "public_ip": "44.200.54.164",
          "role": "master"
        },
        "master1": {
          "private_ip": "10.0.1.22",
          "public_ip": "3.230.3.116",
          "role": "master"
        },
        "master2": {
          "private_ip": "10.0.1.23",
          "public_ip": "32.197.33.94",
          "role": "master"
        },
        "worker0": {
          "private_ip": "10.0.1.24",
          "public_ip": "100.29.185.210",
          "role": "worker"
        },
        "worker1": {
          "private_ip": "10.0.1.25",
          "public_ip": "44.204.97.225",
          "role": "worker"
        }
      },
      "type": [
        "object",
        {
          "bootstrap": [
            "object",
            {
              "private_ip": "string",
              "public_ip": "string",
              "role": "string"
            }
          ],
          "master0": [
            "object",
            {
              "private_ip": "string",
              "public_ip": "string",
              "role": "string"
            }
          ],
          "master1": [
            "object",
            {
              "private_ip": "string",
              "public_ip": "string",
              "role": "string"
            }
          ],
          "master2": [
            "object",
            {
              "private_ip": "string",
              "public_ip": "string",
              "role": "string"
            }
          ],
          "worker0": [
            "object",
            {
              "private_ip": "string",
              "public_ip": "string",
              "role": "string"
            }
          ],
          "worker1": [
            "object",
            {
              "private_ip": "string",
              "public_ip": "string",
              "role": "string"
            }
          ]
        }
      ]
    },
    "ssh_commands": {
      "value": {
        "bastion": "ssh -i \u003ckey.pem\u003e ubuntu@3.216.134.223",
        "bootstrap": "ssh -i \u003ckey.pem\u003e -J ubuntu@3.216.134.223 core@10.0.1.20",
        "master0": "ssh -i \u003ckey.pem\u003e -J ubuntu@3.216.134.223 core@10.0.1.21"
      },
      "type": [
        "object",
        {
          "bastion": "string",
          "bootstrap": "string",
          "master0": "string"
        }
      ]
    }
  },
  "resources": [
    {
      "mode": "data",
      "type": "aws_ami",
      "name": "ubuntu",
      "provider": "provider[\"registry.terraform.io/hashicorp/aws\"]",
      "instances": [
        {
          "schema_version": 0,
          "attributes": {
            "architecture": "x86_64",
            "arn": "arn:aws:ec2:us-east-1::image/ami-00403f401ee6a4b98",
            "block_device_mappings": [
              {
                "device_name": "/dev/sda1",
                "ebs": {
                  "delete_on_termination": "true",
                  "encrypted": "false",
                  "iops": "0",
                  "snapshot_id": "snap-05f163ab216d3dcd0",
                  "throughput": "0",
                  "volume_initialization_rate": "0",
                  "volume_size": "8",
                  "volume_type": "gp2"
                },
                "no_device": "",
                "virtual_name": ""
              },
              {
                "device_name": "/dev/sdb",
                "ebs": {},
                "no_device": "",
                "virtual_name": "ephemeral0"
              },
              {
                "device_name": "/dev/sdc",
                "ebs": {},
                "no_device": "",
                "virtual_name": "ephemeral1"
              }
            ],
            "boot_mode": "uefi-preferred",
            "creation_date": "2026-05-03T06:54:18.000Z",
            "deprecation_time": "2028-05-03T06:54:18.000Z",
            "description": "Canonical, Ubuntu, 22.04, amd64 jammy image",
            "ena_support": true,
            "executable_users": null,
            "filter": [
              {
                "name": "name",
                "values": [
                  "ubuntu/images/hvm-ssd/ubuntu-jammy-22.04-amd64-server-*"
                ]
              },
              {
                "name": "root-device-type",
                "values": [
                  "ebs"
                ]
              },
              {
                "name": "virtualization-type",
                "values": [
                  "hvm"
                ]
              }
            ],
            "hypervisor": "xen",
            "id": "ami-00403f401ee6a4b98",
            "image_id": "ami-00403f401ee6a4b98",
            "image_location": "amazon/ubuntu/images/hvm-ssd/ubuntu-jammy-22.04-amd64-server-20260503",
            "image_owner_alias": "amazon",
            "image_type": "machine",
            "imds_support": "",
            "include_deprecated": false,
            "kernel_id": "",
            "last_launched_time": "",
            "most_recent": true,
            "name": "ubuntu/images/hvm-ssd/ubuntu-jammy-22.04-amd64-server-20260503",
            "name_regex": null,
            "owner_id": "099720109477",
            "owners": [
              "099720109477"
            ],
            "platform": "",
            "platform_details": "Linux/UNIX",
            "product_codes": [],
            "public": true,
            "ramdisk_id": "",
            "root_device_name": "/dev/sda1",
            "root_device_type": "ebs",
            "root_snapshot_id": "snap-05f163ab216d3dcd0",
            "sriov_net_support": "simple",
            "state": "available",
            "state_reason": {
              "code": "UNSET",
              "message": "UNSET"
            },
            "tags": {},
            "timeouts": null,
            "tpm_support": "",
            "uefi_data": null,
            "usage_operation": "RunInstances",
            "virtualization_type": "hvm"
          },
          "sensitive_attributes": [],
          "identity_schema_version": 0
        }
      ]
    },
    {
      "mode": "managed",
      "type": "aws_ebs_volume",
      "name": "rhcos",
      "provider": "provider[\"registry.terraform.io/hashicorp/aws\"]",
      "instances": [
        {
          "index_key": "bootstrap",
          "schema_version": 0,
          "attributes": {
            "arn": "arn:aws:ec2:us-east-1:853973692277:volume/vol-0e815c2d740cd2a1b",
            "availability_zone": "us-east-1a",
            "create_time": "2026-05-11T08:14:59Z",
            "encrypted": false,
            "final_snapshot": false,
            "id": "vol-0e815c2d740cd2a1b",
            "iops": 3000,
            "kms_key_id": "",
            "multi_attach_enabled": false,
            "outpost_arn": "",
            "size": 130,
            "snapshot_id": "",
            "tags": {
              "Environment": "poc",
              "ManagedBy": "terraform",
              "Name": "ocp-poc-bootstrap-rhcos",
              "OCPRole": "bootstrap",
              "Project": "ocp-poc",
              "createdby": "pradeepsn@presidio.com",
              "modifiedby": "pradeepsn@presidio.com"
            },
            "tags_all": {
              "Environment": "poc",
              "ManagedBy": "terraform",
              "Name": "ocp-poc-bootstrap-rhcos",
              "OCPRole": "bootstrap",
              "Project": "ocp-poc",
              "createdby": "pradeepsn@presidio.com",
              "modifiedby": "pradeepsn@presidio.com"
            },
            "throughput": 125,
            "timeouts": null,
            "type": "gp3"
          },
          "sensitive_attributes": [],
          "identity_schema_version": 0,
          "private": "eyJlMmJmYjczMC1lY2FhLTExZTYtOGY4OC0zNDM2M2JjN2M0YzAiOnsiY3JlYXRlIjozMDAwMDAwMDAwMDAsImRlbGV0ZSI6NjAwMDAwMDAwMDAwLCJ1cGRhdGUiOjMwMDAwMDAwMDAwMH19"
        },
        {
          "index_key": "master0",
          "schema_version": 0,
          "attributes": {
            "arn": "arn:aws:ec2:us-east-1:853973692277:volume/vol-023d5a867ace8e586",
            "availability_zone": "us-east-1a",
            "create_time": "2026-05-11T08:14:59Z",
            "encrypted": false,
            "final_snapshot": false,
            "id": "vol-023d5a867ace8e586",
            "iops": 3000,
            "kms_key_id": "",
            "multi_attach_enabled": false,
            "outpost_arn": "",
            "size": 130,
            "snapshot_id": "",
            "tags": {
              "Environment": "poc",
              "ManagedBy": "terraform",
              "Name": "ocp-poc-master0-rhcos",
              "OCPRole": "master",
              "Project": "ocp-poc",
              "createdby": "pradeepsn@presidio.com",
              "modifiedby": "pradeepsn@presidio.com"
            },
            "tags_all": {
              "Environment": "poc",
              "ManagedBy": "terraform",
              "Name": "ocp-poc-master0-rhcos",
              "OCPRole": "master",
              "Project": "ocp-poc",
              "createdby": "pradeepsn@presidio.com",
              "modifiedby": "pradeepsn@presidio.com"
            },
            "throughput": 125,
            "timeouts": null,
            "type": "gp3"
          },
          "sensitive_attributes": [],
          "identity_schema_version": 0,
          "private": "eyJlMmJmYjczMC1lY2FhLTExZTYtOGY4OC0zNDM2M2JjN2M0YzAiOnsiY3JlYXRlIjozMDAwMDAwMDAwMDAsImRlbGV0ZSI6NjAwMDAwMDAwMDAwLCJ1cGRhdGUiOjMwMDAwMDAwMDAwMH19"
        },
        {
          "index_key": "master1",
          "schema_version": 0,
          "attributes": {
            "arn": "arn:aws:ec2:us-east-1:853973692277:volume/vol-0055dd8c387f9239e",
            "availability_zone": "us-east-1a",
            "create_time": "2026-05-11T08:14:59Z",
            "encrypted": false,
            "final_snapshot": false,
            "id": "vol-0055dd8c387f9239e",
            "iops": 3000,
            "kms_key_id": "",
            "multi_attach_enabled": false,
            "outpost_arn": "",
            "size": 130,
            "snapshot_id": "",
            "tags": {
              "Environment": "poc",
              "ManagedBy": "terraform",
              "Name": "ocp-poc-master1-rhcos",
              "OCPRole": "master",
              "Project": "ocp-poc",
              "createdby": "pradeepsn@presidio.com",
              "modifiedby": "pradeepsn@presidio.com"
            },
            "tags_all": {
              "Environment": "poc",
              "ManagedBy": "terraform",
              "Name": "ocp-poc-master1-rhcos",
              "OCPRole": "master",
              "Project": "ocp-poc",
              "createdby": "pradeepsn@presidio.com",
              "modifiedby": "pradeepsn@presidio.com"
            },
            "throughput": 125,
            "timeouts": null,
            "type": "gp3"
          },
          "sensitive_attributes": [],
          "identity_schema_version": 0,
          "private": "eyJlMmJmYjczMC1lY2FhLTExZTYtOGY4OC0zNDM2M2JjN2M0YzAiOnsiY3JlYXRlIjozMDAwMDAwMDAwMDAsImRlbGV0ZSI6NjAwMDAwMDAwMDAwLCJ1cGRhdGUiOjMwMDAwMDAwMDAwMH19"
        },
        {
          "index_key": "master2",
          "schema_version": 0,
          "attributes": {
            "arn": "arn:aws:ec2:us-east-1:853973692277:volume/vol-0dbd99acbf0c96e35",
            "availability_zone": "us-east-1a",
            "create_time": "2026-05-11T08:14:59Z",
            "encrypted": false,
            "final_snapshot": false,
            "id": "vol-0dbd99acbf0c96e35",
            "iops": 3000,
            "kms_key_id": "",
            "multi_attach_enabled": false,
            "outpost_arn": "",
            "size": 130,
            "snapshot_id": "",
            "tags": {
              "Environment": "poc",
              "ManagedBy": "terraform",
              "Name": "ocp-poc-master2-rhcos",
              "OCPRole": "master",
              "Project": "ocp-poc",
              "createdby": "pradeepsn@presidio.com",
              "modifiedby": "pradeepsn@presidio.com"
            },
            "tags_all": {
              "Environment": "poc",
              "ManagedBy": "terraform",
              "Name": "ocp-poc-master2-rhcos",
              "OCPRole": "master",
              "Project": "ocp-poc",
              "createdby": "pradeepsn@presidio.com",
              "modifiedby": "pradeepsn@presidio.com"
            },
            "throughput": 125,
            "timeouts": null,
            "type": "gp3"
          },
          "sensitive_attributes": [],
          "identity_schema_version": 0,
          "private": "eyJlMmJmYjczMC1lY2FhLTExZTYtOGY4OC0zNDM2M2JjN2M0YzAiOnsiY3JlYXRlIjozMDAwMDAwMDAwMDAsImRlbGV0ZSI6NjAwMDAwMDAwMDAwLCJ1cGRhdGUiOjMwMDAwMDAwMDAwMH19"
        },
        {
          "index_key": "worker0",
          "schema_version": 0,
          "attributes": {
            "arn": "arn:aws:ec2:us-east-1:853973692277:volume/vol-0167484f0f16bba13",
            "availability_zone": "us-east-1a",
            "create_time": "2026-05-11T08:14:59Z",
            "encrypted": false,
            "final_snapshot": false,
            "id": "vol-0167484f0f16bba13",
            "iops": 3000,
            "kms_key_id": "",
            "multi_attach_enabled": false,
            "outpost_arn": "",
            "size": 130,
            "snapshot_id": "",
            "tags": {
              "Environment": "poc",
              "ManagedBy": "terraform",
              "Name": "ocp-poc-worker0-rhcos",
              "OCPRole": "worker",
              "Project": "ocp-poc",
              "createdby": "pradeepsn@presidio.com",
              "modifiedby": "pradeepsn@presidio.com"
            },
            "tags_all": {
              "Environment": "poc",
              "ManagedBy": "terraform",
              "Name": "ocp-poc-worker0-rhcos",
              "OCPRole": "worker",
              "Project": "ocp-poc",
              "createdby": "pradeepsn@presidio.com",
              "modifiedby": "pradeepsn@presidio.com"
            },
            "throughput": 125,
            "timeouts": null,
            "type": "gp3"
          },
          "sensitive_attributes": [],
          "identity_schema_version": 0,
          "private": "eyJlMmJmYjczMC1lY2FhLTExZTYtOGY4OC0zNDM2M2JjN2M0YzAiOnsiY3JlYXRlIjozMDAwMDAwMDAwMDAsImRlbGV0ZSI6NjAwMDAwMDAwMDAwLCJ1cGRhdGUiOjMwMDAwMDAwMDAwMH19"
        },
        {
          "index_key": "worker1",
          "schema_version": 0,
          "attributes": {
            "arn": "arn:aws:ec2:us-east-1:853973692277:volume/vol-05701c6e72aa06ef3",
            "availability_zone": "us-east-1a",
            "create_time": "2026-05-11T08:14:59Z",
            "encrypted": false,
            "final_snapshot": false,
            "id": "vol-05701c6e72aa06ef3",
            "iops": 3000,
            "kms_key_id": "",
            "multi_attach_enabled": false,
            "outpost_arn": "",
            "size": 130,
            "snapshot_id": "",
            "tags": {
              "Environment": "poc",
              "ManagedBy": "terraform",
              "Name": "ocp-poc-worker1-rhcos",
              "OCPRole": "worker",
              "Project": "ocp-poc",
              "createdby": "pradeepsn@presidio.com",
              "modifiedby": "pradeepsn@presidio.com"
            },
            "tags_all": {
              "Environment": "poc",
              "ManagedBy": "terraform",
              "Name": "ocp-poc-worker1-rhcos",
              "OCPRole": "worker",
              "Project": "ocp-poc",
              "createdby": "pradeepsn@presidio.com",
              "modifiedby": "pradeepsn@presidio.com"
            },
            "throughput": 125,
            "timeouts": null,
            "type": "gp3"
          },
          "sensitive_attributes": [],
          "identity_schema_version": 0,
          "private": "eyJlMmJmYjczMC1lY2FhLTExZTYtOGY4OC0zNDM2M2JjN2M0YzAiOnsiY3JlYXRlIjozMDAwMDAwMDAwMDAsImRlbGV0ZSI6NjAwMDAwMDAwMDAwLCJ1cGRhdGUiOjMwMDAwMDAwMDAwMH19"
        }
      ]
    },
    {
      "mode": "managed",
      "type": "aws_iam_instance_profile",
      "name": "ocp_node",
      "provider": "provider[\"registry.terraform.io/hashicorp/aws\"]",
      "instances": [
        {
          "schema_version": 0,
          "attributes": {
            "arn": "arn:aws:iam::853973692277:instance-profile/ocp-poc-node-profile",
            "create_date": "2026-05-11T08:15:00Z",
            "id": "ocp-poc-node-profile",
            "name": "ocp-poc-node-profile",
            "name_prefix": "",
            "path": "/",
            "role": "ocp-poc-node-role",
            "tags": {
              "Environment": "poc",
              "ManagedBy": "terraform",
              "Project": "ocp-poc"
            },
            "tags_all": {
              "Environment": "poc",
              "ManagedBy": "terraform",
              "Project": "ocp-poc"
            },
            "unique_id": "AIPA4NVGMN522WRMVUX5N"
          },
          "sensitive_attributes": [],
          "identity_schema_version": 0,
          "private": "bnVsbA==",
          "dependencies": [
            "aws_iam_role.ocp_node"
          ]
        }
      ]
    },
    {
      "mode": "managed",
      "type": "aws_iam_role",
      "name": "ocp_node",
      "provider": "provider[\"registry.terraform.io/hashicorp/aws\"]",
      "instances": [
        {
          "schema_version": 0,
          "attributes": {
            "arn": "arn:aws:iam::853973692277:role/ocp-poc-node-role",
            "assume_role_policy": "{\"Statement\":[{\"Action\":\"sts:AssumeRole\",\"Effect\":\"Allow\",\"Principal\":{\"Service\":\"ec2.amazonaws.com\"}}],\"Version\":\"2012-10-17\"}",
            "create_date": "2026-05-11T08:14:59Z",
            "description": "",
            "force_detach_policies": false,
            "id": "ocp-poc-node-role",
            "inline_policy": [],
            "managed_policy_arns": [],
            "max_session_duration": 3600,
            "name": "ocp-poc-node-role",
            "name_prefix": "",
            "path": "/",
            "permissions_boundary": "",
            "tags": {
              "Environment": "poc",
              "ManagedBy": "terraform",
              "Project": "ocp-poc"
            },
            "tags_all": {
              "Environment": "poc",
              "ManagedBy": "terraform",
              "Project": "ocp-poc"
            },
            "unique_id": "AROA4NVGMN52X5HQ3NRX6"
          },
          "sensitive_attributes": [],
          "identity_schema_version": 0,
          "private": "bnVsbA=="
        }
      ]
    },
    {
      "mode": "managed",
      "type": "aws_iam_role_policy",
      "name": "ocp_node_ec2",
      "provider": "provider[\"registry.terraform.io/hashicorp/aws\"]",
      "instances": [
        {
          "schema_version": 0,
          "attributes": {
            "id": "ocp-poc-node-role:ocp-poc-node-ec2-policy",
            "name": "ocp-poc-node-ec2-policy",
            "name_prefix": "",
            "policy": "{\"Version\":\"2012-10-17\",\"Statement\":[{\"Action\":[\"ec2:DescribeInstances\",\"ec2:DescribeVolumes\",\"ec2:StopInstances\",\"ec2:StartInstances\",\"ec2:AttachVolume\",\"ec2:DetachVolume\",\"ec2:ModifyInstanceAttribute\"],\"Effect\":\"Allow\",\"Resource\":\"*\"},{\"Action\":[\"ssm:*\",\"ssmmessages:*\",\"ec2messages:*\"],\"Effect\":\"Allow\",\"Resource\":\"*\"}]}",
            "role": "ocp-poc-node-role"
          },
          "sensitive_attributes": [],
          "identity_schema_version": 0,
          "private": "bnVsbA==",
          "dependencies": [
            "aws_iam_role.ocp_node"
          ]
        }
      ]
    },
    {
      "mode": "managed",
      "type": "aws_instance",
      "name": "bastion",
      "provider": "provider[\"registry.terraform.io/hashicorp/aws\"]",
      "instances": [
        {
          "schema_version": 1,
          "attributes": {
            "ami": "ami-00403f401ee6a4b98",
            "arn": "arn:aws:ec2:us-east-1:853973692277:instance/i-008497053a0877062",
            "associate_public_ip_address": true,
            "availability_zone": "us-east-1a",
            "capacity_reservation_specification": [
              {
                "capacity_reservation_preference": "open",
                "capacity_reservation_target": []
              }
            ],
            "cpu_core_count": 1,
            "cpu_options": [
              {
                "amd_sev_snp": "",
                "core_count": 1,
                "threads_per_core": 2
              }
            ],
            "cpu_threads_per_core": 2,
            "credit_specification": [
              {
                "cpu_credits": "unlimited"
              }
            ],
            "disable_api_stop": false,
            "disable_api_termination": false,
            "ebs_block_device": [],
            "ebs_optimized": false,
            "enable_primary_ipv6": null,
            "enclave_options": [
              {
                "enabled": false
              }
            ],
            "ephemeral_block_device": [],
            "get_password_data": false,
            "hibernation": false,
            "host_id": "",
            "host_resource_group_arn": null,
            "iam_instance_profile": "",
            "id": "i-008497053a0877062",
            "instance_initiated_shutdown_behavior": "stop",
            "instance_lifecycle": "",
            "instance_market_options": [],
            "instance_state": "running",
            "instance_type": "t3.medium",
            "ipv6_address_count": 0,
            "ipv6_addresses": [],
            "key_name": "openshift-poc-rhcos-node",
            "launch_template": [],
            "maintenance_options": [
              {
                "auto_recovery": "default"
              }
            ],
            "metadata_options": [
              {
                "http_endpoint": "enabled",
                "http_protocol_ipv6": "disabled",
                "http_put_response_hop_limit": 1,
                "http_tokens": "required",
                "instance_metadata_tags": "disabled"
              }
            ],
            "monitoring": false,
            "network_interface": [],
            "outpost_arn": "",
            "password_data": "",
            "placement_group": "",
            "placement_partition_number": 0,
            "primary_network_interface_id": "eni-01cfc38279824a800",
            "private_dns": "ip-10-0-1-10.ec2.internal",
            "private_dns_name_options": [
              {
                "enable_resource_name_dns_a_record": false,
                "enable_resource_name_dns_aaaa_record": false,
                "hostname_type": "ip-name"
              }
            ],
            "private_ip": "10.0.1.10",
            "public_dns": "ec2-3-216-134-223.compute-1.amazonaws.com",
            "public_ip": "3.216.134.223",
            "root_block_device": [
              {
                "delete_on_termination": true,
                "device_name": "/dev/sda1",
                "encrypted": false,
                "iops": 3000,
                "kms_key_id": "",
                "tags": null,
                "tags_all": {},
                "throughput": 125,
                "volume_id": "vol-05e1c9faf6e897f31",
                "volume_size": 50,
                "volume_type": "gp3"
              }
            ],
            "secondary_private_ips": [],
            "security_groups": [],
            "source_dest_check": true,
            "spot_instance_request_id": "",
            "subnet_id": "subnet-09fbe943f9c0796ed",
            "tags": {
              "Environment": "poc",
              "ManagedBy": "terraform",
              "Name": "ocp-poc-bastion",
              "Project": "ocp-poc",
              "createdby": "pradeepsn@presidio.com",
              "modifiedby": "pradeepsn@presidio.com"
            },
            "tags_all": {
              "Environment": "poc",
              "ManagedBy": "terraform",
              "Name": "ocp-poc-bastion",
              "Project": "ocp-poc",
              "createdby": "pradeepsn@presidio.com",
              "modifiedby": "pradeepsn@presidio.com"
            },
            "tenancy": "default",
            "timeouts": null,
            "user_data": "aa9db1645072d37378b4e4b4ec062fc2981f5358",
            "user_data_base64": null,
            "user_data_replace_on_change": false,
            "volume_tags": null,
            "vpc_security_group_ids": [
              "sg-07d0285fae5aa6795"
            ]
          },
          "sensitive_attributes": [
            [
              {
                "type": "get_attr",
                "value": "user_data"
              }
            ]
          ],
          "identity_schema_version": 0,
          "private": "eyJlMmJmYjczMC1lY2FhLTExZTYtOGY4OC0zNDM2M2JjN2M0YzAiOnsiY3JlYXRlIjo2MDAwMDAwMDAwMDAsImRlbGV0ZSI6MTIwMDAwMDAwMDAwMCwicmVhZCI6OTAwMDAwMDAwMDAwLCJ1cGRhdGUiOjYwMDAwMDAwMDAwMH0sInNjaGVtYV92ZXJzaW9uIjoiMSJ9",
          "dependencies": [
            "aws_key_pair.ocp",
            "aws_security_group.bastion",
            "aws_subnet.ocp",
            "aws_vpc.ocp",
            "data.aws_ami.ubuntu"
          ]
        }
      ]
    },
    {
      "mode": "managed",
      "type": "aws_instance",
      "name": "ocp_node",
      "provider": "provider[\"registry.terraform.io/hashicorp/aws\"]",
      "instances": [
        {
          "index_key": "bootstrap",
          "schema_version": 1,
          "attributes": {
            "ami": "ami-00403f401ee6a4b98",
            "arn": "arn:aws:ec2:us-east-1:853973692277:instance/i-0b15b234dc70dd4b1",
            "associate_public_ip_address": true,
            "availability_zone": "us-east-1a",
            "capacity_reservation_specification": [
              {
                "capacity_reservation_preference": "open",
                "capacity_reservation_target": []
              }
            ],
            "cpu_core_count": 48,
            "cpu_options": [
              {
                "amd_sev_snp": "",
                "core_count": 48,
                "threads_per_core": 2
              }
            ],
            "cpu_threads_per_core": 2,
            "credit_specification": [],
            "disable_api_stop": false,
            "disable_api_termination": false,
            "ebs_block_device": [],
            "ebs_optimized": false,
            "enable_primary_ipv6": null,
            "enclave_options": [
              {
                "enabled": false
              }
            ],
            "ephemeral_block_device": [],
            "get_password_data": false,
            "hibernation": false,
            "host_id": "",
            "host_resource_group_arn": null,
            "iam_instance_profile": "ocp-poc-node-profile",
            "id": "i-0b15b234dc70dd4b1",
            "instance_initiated_shutdown_behavior": "stop",
            "instance_lifecycle": "",
            "instance_market_options": [],
            "instance_state": "running",
            "instance_type": "m5.metal",
            "ipv6_address_count": 0,
            "ipv6_addresses": [],
            "key_name": "openshift-poc-rhcos-node",
            "launch_template": [],
            "maintenance_options": [
              {
                "auto_recovery": "default"
              }
            ],
            "metadata_options": [
              {
                "http_endpoint": "enabled",
                "http_protocol_ipv6": "disabled",
                "http_put_response_hop_limit": 1,
                "http_tokens": "required",
                "instance_metadata_tags": "disabled"
              }
            ],
            "monitoring": false,
            "network_interface": [],
            "outpost_arn": "",
            "password_data": "",
            "placement_group": "",
            "placement_partition_number": 0,
            "primary_network_interface_id": "eni-0f286228a83b88686",
            "private_dns": "ip-10-0-1-20.ec2.internal",
            "private_dns_name_options": [
              {
                "enable_resource_name_dns_a_record": false,
                "enable_resource_name_dns_aaaa_record": false,
                "hostname_type": "ip-name"
              }
            ],
            "private_ip": "10.0.1.20",
            "public_dns": "ec2-32-196-120-72.compute-1.amazonaws.com",
            "public_ip": "32.196.120.72",
            "root_block_device": [
              {
                "delete_on_termination": true,
                "device_name": "/dev/sda1",
                "encrypted": false,
                "iops": 3000,
                "kms_key_id": "",
                "tags": null,
                "tags_all": {},
                "throughput": 125,
                "volume_id": "vol-0601bb0e1dd706a6f",
                "volume_size": 20,
                "volume_type": "gp3"
              }
            ],
            "secondary_private_ips": [],
            "security_groups": [],
            "source_dest_check": true,
            "spot_instance_request_id": "",
            "subnet_id": "subnet-09fbe943f9c0796ed",
            "tags": {
              "Environment": "poc",
              "ManagedBy": "terraform",
              "Name": "ocp-poc-bootstrap",
              "OCPRole": "bootstrap",
              "Project": "ocp-poc",
              "createdby": "pradeepsn@presidio.com",
              "modifiedby": "pradeepsn@presidio.com"
            },
            "tags_all": {
              "Environment": "poc",
              "ManagedBy": "terraform",
              "Name": "ocp-poc-bootstrap",
              "OCPRole": "bootstrap",
              "Project": "ocp-poc",
              "createdby": "pradeepsn@presidio.com",
              "modifiedby": "pradeepsn@presidio.com"
            },
            "tenancy": "default",
            "timeouts": null,
            "user_data": "8afc78a5a6808bc1a1ce03aaf7d87bed6b9526e6",
            "user_data_base64": null,
            "user_data_replace_on_change": false,
            "volume_tags": null,
            "vpc_security_group_ids": [
              "sg-05e13b05920255799"
            ]
          },
          "sensitive_attributes": [],
          "identity_schema_version": 0,
          "private": "eyJlMmJmYjczMC1lY2FhLTExZTYtOGY4OC0zNDM2M2JjN2M0YzAiOnsiY3JlYXRlIjo2MDAwMDAwMDAwMDAsImRlbGV0ZSI6MTIwMDAwMDAwMDAwMCwicmVhZCI6OTAwMDAwMDAwMDAwLCJ1cGRhdGUiOjYwMDAwMDAwMDAwMH0sInNjaGVtYV92ZXJzaW9uIjoiMSJ9",
          "dependencies": [
            "aws_iam_instance_profile.ocp_node",
            "aws_iam_role.ocp_node",
            "aws_instance.bastion",
            "aws_key_pair.ocp",
            "aws_security_group.bastion",
            "aws_security_group.ocp_nodes",
            "aws_subnet.ocp",
            "aws_vpc.ocp",
            "data.aws_ami.ubuntu"
          ]
        },
        {
          "index_key": "master0",
          "schema_version": 1,
          "attributes": {
            "ami": "ami-00403f401ee6a4b98",
            "arn": "arn:aws:ec2:us-east-1:853973692277:instance/i-0148dbb43c4c20193",
            "associate_public_ip_address": true,
            "availability_zone": "us-east-1a",
            "capacity_reservation_specification": [
              {
                "capacity_reservation_preference": "open",
                "capacity_reservation_target": []
              }
            ],
            "cpu_core_count": 48,
            "cpu_options": [
              {
                "amd_sev_snp": "",
                "core_count": 48,
                "threads_per_core": 2
              }
            ],
            "cpu_threads_per_core": 2,
            "credit_specification": [],
            "disable_api_stop": false,
            "disable_api_termination": false,
            "ebs_block_device": [],
            "ebs_optimized": false,
            "enable_primary_ipv6": null,
            "enclave_options": [
              {
                "enabled": false
              }
            ],
            "ephemeral_block_device": [],
            "get_password_data": false,
            "hibernation": false,
            "host_id": "",
            "host_resource_group_arn": null,
            "iam_instance_profile": "ocp-poc-node-profile",
            "id": "i-0148dbb43c4c20193",
            "instance_initiated_shutdown_behavior": "stop",
            "instance_lifecycle": "",
            "instance_market_options": [],
            "instance_state": "running",
            "instance_type": "m5.metal",
            "ipv6_address_count": 0,
            "ipv6_addresses": [],
            "key_name": "openshift-poc-rhcos-node",
            "launch_template": [],
            "maintenance_options": [
              {
                "auto_recovery": "default"
              }
            ],
            "metadata_options": [
              {
                "http_endpoint": "enabled",
                "http_protocol_ipv6": "disabled",
                "http_put_response_hop_limit": 1,
                "http_tokens": "required",
                "instance_metadata_tags": "disabled"
              }
            ],
            "monitoring": false,
            "network_interface": [],
            "outpost_arn": "",
            "password_data": "",
            "placement_group": "",
            "placement_partition_number": 0,
            "primary_network_interface_id": "eni-0531202a2ef140bc7",
            "private_dns": "ip-10-0-1-21.ec2.internal",
            "private_dns_name_options": [
              {
                "enable_resource_name_dns_a_record": false,
                "enable_resource_name_dns_aaaa_record": false,
                "hostname_type": "ip-name"
              }
            ],
            "private_ip": "10.0.1.21",
            "public_dns": "ec2-44-200-54-164.compute-1.amazonaws.com",
            "public_ip": "44.200.54.164",
            "root_block_device": [
              {
                "delete_on_termination": true,
                "device_name": "/dev/sda1",
                "encrypted": false,
                "iops": 3000,
                "kms_key_id": "",
                "tags": null,
                "tags_all": {},
                "throughput": 125,
                "volume_id": "vol-0cad104ae8d044e57",
                "volume_size": 20,
                "volume_type": "gp3"
              }
            ],
            "secondary_private_ips": [],
            "security_groups": [],
            "source_dest_check": true,
            "spot_instance_request_id": "",
            "subnet_id": "subnet-09fbe943f9c0796ed",
            "tags": {
              "Environment": "poc",
              "ManagedBy": "terraform",
              "Name": "ocp-poc-master0",
              "OCPRole": "master",
              "Project": "ocp-poc",
              "createdby": "pradeepsn@presidio.com",
              "modifiedby": "pradeepsn@presidio.com"
            },
            "tags_all": {
              "Environment": "poc",
              "ManagedBy": "terraform",
              "Name": "ocp-poc-master0",
              "OCPRole": "master",
              "Project": "ocp-poc",
              "createdby": "pradeepsn@presidio.com",
              "modifiedby": "pradeepsn@presidio.com"
            },
            "tenancy": "default",
            "timeouts": null,
            "user_data": "5aed8a6babe34be065aeeed0c042857f9c3a0690",
            "user_data_base64": null,
            "user_data_replace_on_change": false,
            "volume_tags": null,
            "vpc_security_group_ids": [
              "sg-05e13b05920255799"
            ]
          },
          "sensitive_attributes": [],
          "identity_schema_version": 0,
          "private": "eyJlMmJmYjczMC1lY2FhLTExZTYtOGY4OC0zNDM2M2JjN2M0YzAiOnsiY3JlYXRlIjo2MDAwMDAwMDAwMDAsImRlbGV0ZSI6MTIwMDAwMDAwMDAwMCwicmVhZCI6OTAwMDAwMDAwMDAwLCJ1cGRhdGUiOjYwMDAwMDAwMDAwMH0sInNjaGVtYV92ZXJzaW9uIjoiMSJ9",
          "dependencies": [
            "aws_iam_instance_profile.ocp_node",
            "aws_iam_role.ocp_node",
            "aws_instance.bastion",
            "aws_key_pair.ocp",
            "aws_security_group.bastion",
            "aws_security_group.ocp_nodes",
            "aws_subnet.ocp",
            "aws_vpc.ocp",
            "data.aws_ami.ubuntu"
          ]
        },
        {
          "index_key": "master1",
          "schema_version": 1,
          "attributes": {
            "ami": "ami-00403f401ee6a4b98",
            "arn": "arn:aws:ec2:us-east-1:853973692277:instance/i-06f8c049494fe19fa",
            "associate_public_ip_address": true,
            "availability_zone": "us-east-1a",
            "capacity_reservation_specification": [
              {
                "capacity_reservation_preference": "open",
                "capacity_reservation_target": []
              }
            ],
            "cpu_core_count": 48,
            "cpu_options": [
              {
                "amd_sev_snp": "",
                "core_count": 48,
                "threads_per_core": 2
              }
            ],
            "cpu_threads_per_core": 2,
            "credit_specification": [],
            "disable_api_stop": false,
            "disable_api_termination": false,
            "ebs_block_device": [],
            "ebs_optimized": false,
            "enable_primary_ipv6": null,
            "enclave_options": [
              {
                "enabled": false
              }
            ],
            "ephemeral_block_device": [],
            "get_password_data": false,
            "hibernation": false,
            "host_id": "",
            "host_resource_group_arn": null,
            "iam_instance_profile": "ocp-poc-node-profile",
            "id": "i-06f8c049494fe19fa",
            "instance_initiated_shutdown_behavior": "stop",
            "instance_lifecycle": "",
            "instance_market_options": [],
            "instance_state": "running",
            "instance_type": "m5.metal",
            "ipv6_address_count": 0,
            "ipv6_addresses": [],
            "key_name": "openshift-poc-rhcos-node",
            "launch_template": [],
            "maintenance_options": [
              {
                "auto_recovery": "default"
              }
            ],
            "metadata_options": [
              {
                "http_endpoint": "enabled",
                "http_protocol_ipv6": "disabled",
                "http_put_response_hop_limit": 1,
                "http_tokens": "required",
                "instance_metadata_tags": "disabled"
              }
            ],
            "monitoring": false,
            "network_interface": [],
            "outpost_arn": "",
            "password_data": "",
            "placement_group": "",
            "placement_partition_number": 0,
            "primary_network_interface_id": "eni-0719eda21d15fef06",
            "private_dns": "ip-10-0-1-22.ec2.internal",
            "private_dns_name_options": [
              {
                "enable_resource_name_dns_a_record": false,
                "enable_resource_name_dns_aaaa_record": false,
                "hostname_type": "ip-name"
              }
            ],
            "private_ip": "10.0.1.22",
            "public_dns": "ec2-3-230-3-116.compute-1.amazonaws.com",
            "public_ip": "3.230.3.116",
            "root_block_device": [
              {
                "delete_on_termination": true,
                "device_name": "/dev/sda1",
                "encrypted": false,
                "iops": 3000,
                "kms_key_id": "",
                "tags": null,
                "tags_all": {},
                "throughput": 125,
                "volume_id": "vol-02c840fa77da7219a",
                "volume_size": 20,
                "volume_type": "gp3"
              }
            ],
            "secondary_private_ips": [],
            "security_groups": [],
            "source_dest_check": true,
            "spot_instance_request_id": "",
            "subnet_id": "subnet-09fbe943f9c0796ed",
            "tags": {
              "Environment": "poc",
              "ManagedBy": "terraform",
              "Name": "ocp-poc-master1",
              "OCPRole": "master",
              "Project": "ocp-poc",
              "createdby": "pradeepsn@presidio.com",
              "modifiedby": "pradeepsn@presidio.com"
            },
            "tags_all": {
              "Environment": "poc",
              "ManagedBy": "terraform",
              "Name": "ocp-poc-master1",
              "OCPRole": "master",
              "Project": "ocp-poc",
              "createdby": "pradeepsn@presidio.com",
              "modifiedby": "pradeepsn@presidio.com"
            },
            "tenancy": "default",
            "timeouts": null,
            "user_data": "5aed8a6babe34be065aeeed0c042857f9c3a0690",
            "user_data_base64": null,
            "user_data_replace_on_change": false,
            "volume_tags": null,
            "vpc_security_group_ids": [
              "sg-05e13b05920255799"
            ]
          },
          "sensitive_attributes": [],
          "identity_schema_version": 0,
          "private": "eyJlMmJmYjczMC1lY2FhLTExZTYtOGY4OC0zNDM2M2JjN2M0YzAiOnsiY3JlYXRlIjo2MDAwMDAwMDAwMDAsImRlbGV0ZSI6MTIwMDAwMDAwMDAwMCwicmVhZCI6OTAwMDAwMDAwMDAwLCJ1cGRhdGUiOjYwMDAwMDAwMDAwMH0sInNjaGVtYV92ZXJzaW9uIjoiMSJ9",
          "dependencies": [
            "aws_iam_instance_profile.ocp_node",
            "aws_iam_role.ocp_node",
            "aws_instance.bastion",
            "aws_key_pair.ocp",
            "aws_security_group.bastion",
            "aws_security_group.ocp_nodes",
            "aws_subnet.ocp",
            "aws_vpc.ocp",
            "data.aws_ami.ubuntu"
          ]
        },
        {
          "index_key": "master2",
          "schema_version": 1,
          "attributes": {
            "ami": "ami-00403f401ee6a4b98",
            "arn": "arn:aws:ec2:us-east-1:853973692277:instance/i-0ebf6956987a0af49",
            "associate_public_ip_address": true,
            "availability_zone": "us-east-1a",
            "capacity_reservation_specification": [
              {
                "capacity_reservation_preference": "open",
                "capacity_reservation_target": []
              }
            ],
            "cpu_core_count": 48,
            "cpu_options": [
              {
                "amd_sev_snp": "",
                "core_count": 48,
                "threads_per_core": 2
              }
            ],
            "cpu_threads_per_core": 2,
            "credit_specification": [],
            "disable_api_stop": false,
            "disable_api_termination": false,
            "ebs_block_device": [],
            "ebs_optimized": false,
            "enable_primary_ipv6": null,
            "enclave_options": [
              {
                "enabled": false
              }
            ],
            "ephemeral_block_device": [],
            "get_password_data": false,
            "hibernation": false,
            "host_id": "",
            "host_resource_group_arn": null,
            "iam_instance_profile": "ocp-poc-node-profile",
            "id": "i-0ebf6956987a0af49",
            "instance_initiated_shutdown_behavior": "stop",
            "instance_lifecycle": "",
            "instance_market_options": [],
            "instance_state": "running",
            "instance_type": "m5.metal",
            "ipv6_address_count": 0,
            "ipv6_addresses": [],
            "key_name": "openshift-poc-rhcos-node",
            "launch_template": [],
            "maintenance_options": [
              {
                "auto_recovery": "default"
              }
            ],
            "metadata_options": [
              {
                "http_endpoint": "enabled",
                "http_protocol_ipv6": "disabled",
                "http_put_response_hop_limit": 1,
                "http_tokens": "required",
                "instance_metadata_tags": "disabled"
              }
            ],
            "monitoring": false,
            "network_interface": [],
            "outpost_arn": "",
            "password_data": "",
            "placement_group": "",
            "placement_partition_number": 0,
            "primary_network_interface_id": "eni-0f1303f95cb032129",
            "private_dns": "ip-10-0-1-23.ec2.internal",
            "private_dns_name_options": [
              {
                "enable_resource_name_dns_a_record": false,
                "enable_resource_name_dns_aaaa_record": false,
                "hostname_type": "ip-name"
              }
            ],
            "private_ip": "10.0.1.23",
            "public_dns": "ec2-32-197-33-94.compute-1.amazonaws.com",
            "public_ip": "32.197.33.94",
            "root_block_device": [
              {
                "delete_on_termination": true,
                "device_name": "/dev/sda1",
                "encrypted": false,
                "iops": 3000,
                "kms_key_id": "",
                "tags": null,
                "tags_all": {},
                "throughput": 125,
                "volume_id": "vol-05f9f94933b8978cc",
                "volume_size": 20,
                "volume_type": "gp3"
              }
            ],
            "secondary_private_ips": [],
            "security_groups": [],
            "source_dest_check": true,
            "spot_instance_request_id": "",
            "subnet_id": "subnet-09fbe943f9c0796ed",
            "tags": {
              "Environment": "poc",
              "ManagedBy": "terraform",
              "Name": "ocp-poc-master2",
              "OCPRole": "master",
              "Project": "ocp-poc",
              "createdby": "pradeepsn@presidio.com",
              "modifiedby": "pradeepsn@presidio.com"
            },
            "tags_all": {
              "Environment": "poc",
              "ManagedBy": "terraform",
              "Name": "ocp-poc-master2",
              "OCPRole": "master",
              "Project": "ocp-poc",
              "createdby": "pradeepsn@presidio.com",
              "modifiedby": "pradeepsn@presidio.com"
            },
            "tenancy": "default",
            "timeouts": null,
            "user_data": "5aed8a6babe34be065aeeed0c042857f9c3a0690",
            "user_data_base64": null,
            "user_data_replace_on_change": false,
            "volume_tags": null,
            "vpc_security_group_ids": [
              "sg-05e13b05920255799"
            ]
          },
          "sensitive_attributes": [],
          "identity_schema_version": 0,
          "private": "eyJlMmJmYjczMC1lY2FhLTExZTYtOGY4OC0zNDM2M2JjN2M0YzAiOnsiY3JlYXRlIjo2MDAwMDAwMDAwMDAsImRlbGV0ZSI6MTIwMDAwMDAwMDAwMCwicmVhZCI6OTAwMDAwMDAwMDAwLCJ1cGRhdGUiOjYwMDAwMDAwMDAwMH0sInNjaGVtYV92ZXJzaW9uIjoiMSJ9",
          "dependencies": [
            "aws_iam_instance_profile.ocp_node",
            "aws_iam_role.ocp_node",
            "aws_instance.bastion",
            "aws_key_pair.ocp",
            "aws_security_group.bastion",
            "aws_security_group.ocp_nodes",
            "aws_subnet.ocp",
            "aws_vpc.ocp",
            "data.aws_ami.ubuntu"
          ]
        },
        {
          "index_key": "worker0",
          "schema_version": 1,
          "attributes": {
            "ami": "ami-00403f401ee6a4b98",
            "arn": "arn:aws:ec2:us-east-1:853973692277:instance/i-085e7307b2538618f",
            "associate_public_ip_address": true,
            "availability_zone": "us-east-1a",
            "capacity_reservation_specification": [
              {
                "capacity_reservation_preference": "open",
                "capacity_reservation_target": []
              }
            ],
            "cpu_core_count": 48,
            "cpu_options": [
              {
                "amd_sev_snp": "",
                "core_count": 48,
                "threads_per_core": 2
              }
            ],
            "cpu_threads_per_core": 2,
            "credit_specification": [],
            "disable_api_stop": false,
            "disable_api_termination": false,
            "ebs_block_device": [],
            "ebs_optimized": false,
            "enable_primary_ipv6": null,
            "enclave_options": [
              {
                "enabled": false
              }
            ],
            "ephemeral_block_device": [],
            "get_password_data": false,
            "hibernation": false,
            "host_id": "",
            "host_resource_group_arn": null,
            "iam_instance_profile": "ocp-poc-node-profile",
            "id": "i-085e7307b2538618f",
            "instance_initiated_shutdown_behavior": "stop",
            "instance_lifecycle": "",
            "instance_market_options": [],
            "instance_state": "running",
            "instance_type": "m5.metal",
            "ipv6_address_count": 0,
            "ipv6_addresses": [],
            "key_name": "openshift-poc-rhcos-node",
            "launch_template": [],
            "maintenance_options": [
              {
                "auto_recovery": "default"
              }
            ],
            "metadata_options": [
              {
                "http_endpoint": "enabled",
                "http_protocol_ipv6": "disabled",
                "http_put_response_hop_limit": 1,
                "http_tokens": "required",
                "instance_metadata_tags": "disabled"
              }
            ],
            "monitoring": false,
            "network_interface": [],
            "outpost_arn": "",
            "password_data": "",
            "placement_group": "",
            "placement_partition_number": 0,
            "primary_network_interface_id": "eni-09a4f3e77193566b8",
            "private_dns": "ip-10-0-1-24.ec2.internal",
            "private_dns_name_options": [
              {
                "enable_resource_name_dns_a_record": false,
                "enable_resource_name_dns_aaaa_record": false,
                "hostname_type": "ip-name"
              }
            ],
            "private_ip": "10.0.1.24",
            "public_dns": "ec2-100-29-185-210.compute-1.amazonaws.com",
            "public_ip": "100.29.185.210",
            "root_block_device": [
              {
                "delete_on_termination": true,
                "device_name": "/dev/sda1",
                "encrypted": false,
                "iops": 3000,
                "kms_key_id": "",
                "tags": null,
                "tags_all": {},
                "throughput": 125,
                "volume_id": "vol-0e99dd9fdedf5a7a2",
                "volume_size": 20,
                "volume_type": "gp3"
              }
            ],
            "secondary_private_ips": [],
            "security_groups": [],
            "source_dest_check": true,
            "spot_instance_request_id": "",
            "subnet_id": "subnet-09fbe943f9c0796ed",
            "tags": {
              "Environment": "poc",
              "ManagedBy": "terraform",
              "Name": "ocp-poc-worker0",
              "OCPRole": "worker",
              "Project": "ocp-poc",
              "createdby": "pradeepsn@presidio.com",
              "modifiedby": "pradeepsn@presidio.com"
            },
            "tags_all": {
              "Environment": "poc",
              "ManagedBy": "terraform",
              "Name": "ocp-poc-worker0",
              "OCPRole": "worker",
              "Project": "ocp-poc",
              "createdby": "pradeepsn@presidio.com",
              "modifiedby": "pradeepsn@presidio.com"
            },
            "tenancy": "default",
            "timeouts": null,
            "user_data": "121e2aad5fea7e1c602fd617bb55eae4a99a6ec1",
            "user_data_base64": null,
            "user_data_replace_on_change": false,
            "volume_tags": null,
            "vpc_security_group_ids": [
              "sg-05e13b05920255799"
            ]
          },
          "sensitive_attributes": [],
          "identity_schema_version": 0,
          "private": "eyJlMmJmYjczMC1lY2FhLTExZTYtOGY4OC0zNDM2M2JjN2M0YzAiOnsiY3JlYXRlIjo2MDAwMDAwMDAwMDAsImRlbGV0ZSI6MTIwMDAwMDAwMDAwMCwicmVhZCI6OTAwMDAwMDAwMDAwLCJ1cGRhdGUiOjYwMDAwMDAwMDAwMH0sInNjaGVtYV92ZXJzaW9uIjoiMSJ9",
          "dependencies": [
            "aws_iam_instance_profile.ocp_node",
            "aws_iam_role.ocp_node",
            "aws_instance.bastion",
            "aws_key_pair.ocp",
            "aws_security_group.bastion",
            "aws_security_group.ocp_nodes",
            "aws_subnet.ocp",
            "aws_vpc.ocp",
            "data.aws_ami.ubuntu"
          ]
        },
        {
          "index_key": "worker1",
          "schema_version": 1,
          "attributes": {
            "ami": "ami-00403f401ee6a4b98",
            "arn": "arn:aws:ec2:us-east-1:853973692277:instance/i-0d6c2e6406c3b773f",
            "associate_public_ip_address": true,
            "availability_zone": "us-east-1a",
            "capacity_reservation_specification": [
              {
                "capacity_reservation_preference": "open",
                "capacity_reservation_target": []
              }
            ],
            "cpu_core_count": 48,
            "cpu_options": [
              {
                "amd_sev_snp": "",
                "core_count": 48,
                "threads_per_core": 2
              }
            ],
            "cpu_threads_per_core": 2,
            "credit_specification": [],
            "disable_api_stop": false,
            "disable_api_termination": false,
            "ebs_block_device": [],
            "ebs_optimized": false,
            "enable_primary_ipv6": null,
            "enclave_options": [
              {
                "enabled": false
              }
            ],
            "ephemeral_block_device": [],
            "get_password_data": false,
            "hibernation": false,
            "host_id": "",
            "host_resource_group_arn": null,
            "iam_instance_profile": "ocp-poc-node-profile",
            "id": "i-0d6c2e6406c3b773f",
            "instance_initiated_shutdown_behavior": "stop",
            "instance_lifecycle": "",
            "instance_market_options": [],
            "instance_state": "running",
            "instance_type": "m5.metal",
            "ipv6_address_count": 0,
            "ipv6_addresses": [],
            "key_name": "openshift-poc-rhcos-node",
            "launch_template": [],
            "maintenance_options": [
              {
                "auto_recovery": "default"
              }
            ],
            "metadata_options": [
              {
                "http_endpoint": "enabled",
                "http_protocol_ipv6": "disabled",
                "http_put_response_hop_limit": 1,
                "http_tokens": "required",
                "instance_metadata_tags": "disabled"
              }
            ],
            "monitoring": false,
            "network_interface": [],
            "outpost_arn": "",
            "password_data": "",
            "placement_group": "",
            "placement_partition_number": 0,
            "primary_network_interface_id": "eni-010acea98bffd8086",
            "private_dns": "ip-10-0-1-25.ec2.internal",
            "private_dns_name_options": [
              {
                "enable_resource_name_dns_a_record": false,
                "enable_resource_name_dns_aaaa_record": false,
                "hostname_type": "ip-name"
              }
            ],
            "private_ip": "10.0.1.25",
            "public_dns": "ec2-44-204-97-225.compute-1.amazonaws.com",
            "public_ip": "44.204.97.225",
            "root_block_device": [
              {
                "delete_on_termination": true,
                "device_name": "/dev/sda1",
                "encrypted": false,
                "iops": 3000,
                "kms_key_id": "",
                "tags": null,
                "tags_all": {},
                "throughput": 125,
                "volume_id": "vol-04eda0adb148f1f9e",
                "volume_size": 20,
                "volume_type": "gp3"
              }
            ],
            "secondary_private_ips": [],
            "security_groups": [],
            "source_dest_check": true,
            "spot_instance_request_id": "",
            "subnet_id": "subnet-09fbe943f9c0796ed",
            "tags": {
              "Environment": "poc",
              "ManagedBy": "terraform",
              "Name": "ocp-poc-worker1",
              "OCPRole": "worker",
              "Project": "ocp-poc",
              "createdby": "pradeepsn@presidio.com",
              "modifiedby": "pradeepsn@presidio.com"
            },
            "tags_all": {
              "Environment": "poc",
              "ManagedBy": "terraform",
              "Name": "ocp-poc-worker1",
              "OCPRole": "worker",
              "Project": "ocp-poc",
              "createdby": "pradeepsn@presidio.com",
              "modifiedby": "pradeepsn@presidio.com"
            },
            "tenancy": "default",
            "timeouts": null,
            "user_data": "121e2aad5fea7e1c602fd617bb55eae4a99a6ec1",
            "user_data_base64": null,
            "user_data_replace_on_change": false,
            "volume_tags": null,
            "vpc_security_group_ids": [
              "sg-05e13b05920255799"
            ]
          },
          "sensitive_attributes": [],
          "identity_schema_version": 0,
          "private": "eyJlMmJmYjczMC1lY2FhLTExZTYtOGY4OC0zNDM2M2JjN2M0YzAiOnsiY3JlYXRlIjo2MDAwMDAwMDAwMDAsImRlbGV0ZSI6MTIwMDAwMDAwMDAwMCwicmVhZCI6OTAwMDAwMDAwMDAwLCJ1cGRhdGUiOjYwMDAwMDAwMDAwMH0sInNjaGVtYV92ZXJzaW9uIjoiMSJ9",
          "dependencies": [
            "aws_iam_instance_profile.ocp_node",
            "aws_iam_role.ocp_node",
            "aws_instance.bastion",
            "aws_key_pair.ocp",
            "aws_security_group.bastion",
            "aws_security_group.ocp_nodes",
            "aws_subnet.ocp",
            "aws_vpc.ocp",
            "data.aws_ami.ubuntu"
          ]
        }
      ]
    },
    {
      "mode": "managed",
      "type": "aws_internet_gateway",
      "name": "ocp",
      "provider": "provider[\"registry.terraform.io/hashicorp/aws\"]",
      "instances": [
        {
          "schema_version": 0,
          "attributes": {
            "arn": "arn:aws:ec2:us-east-1:853973692277:internet-gateway/igw-0f208ee6b4e8c556b",
            "id": "igw-0f208ee6b4e8c556b",
            "owner_id": "853973692277",
            "tags": {
              "Environment": "poc",
              "ManagedBy": "terraform",
              "Name": "ocp-poc-igw",
              "Project": "ocp-poc"
            },
            "tags_all": {
              "Environment": "poc",
              "ManagedBy": "terraform",
              "Name": "ocp-poc-igw",
              "Project": "ocp-poc"
            },
            "timeouts": null,
            "vpc_id": "vpc-08d855c62dab21d5e"
          },
          "sensitive_attributes": [],
          "identity_schema_version": 0,
          "private": "eyJlMmJmYjczMC1lY2FhLTExZTYtOGY4OC0zNDM2M2JjN2M0YzAiOnsiY3JlYXRlIjoxMjAwMDAwMDAwMDAwLCJkZWxldGUiOjEyMDAwMDAwMDAwMDAsInVwZGF0ZSI6MTIwMDAwMDAwMDAwMH19",
          "dependencies": [
            "aws_vpc.ocp"
          ]
        }
      ]
    },
    {
      "mode": "managed",
      "type": "aws_key_pair",
      "name": "ocp",
      "provider": "provider[\"registry.terraform.io/hashicorp/aws\"]",
      "instances": [
        {
          "schema_version": 1,
          "attributes": {
            "arn": "arn:aws:ec2:us-east-1:853973692277:key-pair/openshift-poc-rhcos-node",
            "fingerprint": "27:eb:dd:54:dc:5d:10:d7:8e:69:b3:8d:42:80:90:09",
            "id": "openshift-poc-rhcos-node",
            "key_name": "openshift-poc-rhcos-node",
            "key_name_prefix": "",
            "key_pair_id": "key-05fa8b26ef9f8bb00",
            "key_type": "rsa",
            "public_key": "ssh-rsa AAAAB3NzaC1yc2EAAAADAQABAAABAQCw17vyls0ddKP2mt5LH0ylHIXroaoFbZxZ6tigKWLNBh6cPUtpvfmReoX6A+1KZJiiHpF8cNxGPfTn95FQSPnpzgkKP5CX6leYr/BFYk5Fot4gXUaOObjzoT3U1573rhgrzOPH8VLEIrO+FGlE4/tupwcCkSGS0YGhCzwbtHcBx+oQfILKfRLdpRPseERHA6W4YifZO0aXLgo3Ta98ID4lr5FYz8wr3FLaRtuGXvf9xcN96uRfQnLA002q6aW4NaOlAnkItZStvYPCrdmd6EQwyhQuF//q6cthAcDXRe85DDWJTe3J+5xaORye6Y4YkamdOL1Srs6eV1uEMS3FKEBF",
            "tags": {
              "Environment": "poc",
              "ManagedBy": "terraform",
              "Project": "ocp-poc"
            },
            "tags_all": {
              "Environment": "poc",
              "ManagedBy": "terraform",
              "Project": "ocp-poc"
            }
          },
          "sensitive_attributes": [],
          "identity_schema_version": 0,
          "private": "eyJzY2hlbWFfdmVyc2lvbiI6IjEifQ=="
        }
      ]
    },
    {
      "mode": "managed",
      "type": "aws_route_table",
      "name": "ocp",
      "provider": "provider[\"registry.terraform.io/hashicorp/aws\"]",
      "instances": [
        {
          "schema_version": 0,
          "attributes": {
            "arn": "arn:aws:ec2:us-east-1:853973692277:route-table/rtb-07b15a2b69fc7fc33",
            "id": "rtb-07b15a2b69fc7fc33",
            "owner_id": "853973692277",
            "propagating_vgws": [],
            "route": [
              {
                "carrier_gateway_id": "",
                "cidr_block": "0.0.0.0/0",
                "core_network_arn": "",
                "destination_prefix_list_id": "",
                "egress_only_gateway_id": "",
                "gateway_id": "igw-0f208ee6b4e8c556b",
                "ipv6_cidr_block": "",
                "local_gateway_id": "",
                "nat_gateway_id": "",
                "network_interface_id": "",
                "transit_gateway_id": "",
                "vpc_endpoint_id": "",
                "vpc_peering_connection_id": ""
              }
            ],
            "tags": {
              "Environment": "poc",
              "ManagedBy": "terraform",
              "Name": "ocp-poc-rt",
              "Project": "ocp-poc"
            },
            "tags_all": {
              "Environment": "poc",
              "ManagedBy": "terraform",
              "Name": "ocp-poc-rt",
              "Project": "ocp-poc"
            },
            "timeouts": null,
            "vpc_id": "vpc-08d855c62dab21d5e"
          },
          "sensitive_attributes": [],
          "identity_schema_version": 0,
          "private": "eyJlMmJmYjczMC1lY2FhLTExZTYtOGY4OC0zNDM2M2JjN2M0YzAiOnsiY3JlYXRlIjozMDAwMDAwMDAwMDAsImRlbGV0ZSI6MzAwMDAwMDAwMDAwLCJ1cGRhdGUiOjEyMDAwMDAwMDAwMH19",
          "dependencies": [
            "aws_internet_gateway.ocp",
            "aws_vpc.ocp"
          ]
        }
      ]
    },
    {
      "mode": "managed",
      "type": "aws_route_table_association",
      "name": "ocp",
      "provider": "provider[\"registry.terraform.io/hashicorp/aws\"]",
      "instances": [
        {
          "schema_version": 0,
          "attributes": {
            "gateway_id": "",
            "id": "rtbassoc-0b9b64a248820e7cb",
            "route_table_id": "rtb-07b15a2b69fc7fc33",
            "subnet_id": "subnet-09fbe943f9c0796ed",
            "timeouts": null
          },
          "sensitive_attributes": [],
          "identity_schema_version": 0,
          "private": "eyJlMmJmYjczMC1lY2FhLTExZTYtOGY4OC0zNDM2M2JjN2M0YzAiOnsiY3JlYXRlIjozMDAwMDAwMDAwMDAsImRlbGV0ZSI6MzAwMDAwMDAwMDAwLCJ1cGRhdGUiOjEyMDAwMDAwMDAwMH19",
          "dependencies": [
            "aws_internet_gateway.ocp",
            "aws_route_table.ocp",
            "aws_subnet.ocp",
            "aws_vpc.ocp"
          ]
        }
      ]
    },
    {
      "mode": "managed",
      "type": "aws_security_group",
      "name": "bastion",
      "provider": "provider[\"registry.terraform.io/hashicorp/aws\"]",
      "instances": [
        {
          "schema_version": 1,
          "attributes": {
            "arn": "arn:aws:ec2:us-east-1:853973692277:security-group/sg-07d0285fae5aa6795",
            "description": "Bastion: SSH from internet, all traffic within VPC",
            "egress": [
              {
                "cidr_blocks": [
                  "0.0.0.0/0"
                ],
                "description": "All outbound",
                "from_port": 0,
                "ipv6_cidr_blocks": [],
                "prefix_list_ids": [],
                "protocol": "-1",
                "security_groups": [],
                "self": false,
                "to_port": 0
              }
            ],
            "id": "sg-07d0285fae5aa6795",
            "ingress": [
              {
                "cidr_blocks": [
                  "0.0.0.0/0"
                ],
                "description": "SSH",
                "from_port": 22,
                "ipv6_cidr_blocks": [],
                "prefix_list_ids": [],
                "protocol": "tcp",
                "security_groups": [],
                "self": false,
                "to_port": 22
              },
              {
                "cidr_blocks": [
                  "10.0.0.0/20"
                ],
                "description": "All traffic from VPC subnet",
                "from_port": 0,
                "ipv6_cidr_blocks": [],
                "prefix_list_ids": [],
                "protocol": "-1",
                "security_groups": [],
                "self": false,
                "to_port": 0
              }
            ],
            "name": "ocp-poc-bastion-sg",
            "name_prefix": "",
            "owner_id": "853973692277",
            "revoke_rules_on_delete": false,
            "tags": {
              "Environment": "poc",
              "ManagedBy": "terraform",
              "Name": "ocp-poc-bastion-sg",
              "Project": "ocp-poc"
            },
            "tags_all": {
              "Environment": "poc",
              "ManagedBy": "terraform",
              "Name": "ocp-poc-bastion-sg",
              "Project": "ocp-poc"
            },
            "timeouts": null,
            "vpc_id": "vpc-08d855c62dab21d5e"
          },
          "sensitive_attributes": [],
          "identity_schema_version": 0,
          "private": "eyJlMmJmYjczMC1lY2FhLTExZTYtOGY4OC0zNDM2M2JjN2M0YzAiOnsiY3JlYXRlIjo2MDAwMDAwMDAwMDAsImRlbGV0ZSI6OTAwMDAwMDAwMDAwfSwic2NoZW1hX3ZlcnNpb24iOiIxIn0=",
          "dependencies": [
            "aws_vpc.ocp"
          ]
        }
      ]
    },
    {
      "mode": "managed",
      "type": "aws_security_group",
      "name": "ocp_nodes",
      "provider": "provider[\"registry.terraform.io/hashicorp/aws\"]",
      "instances": [
        {
          "schema_version": 1,
          "attributes": {
            "arn": "arn:aws:ec2:us-east-1:853973692277:security-group/sg-05e13b05920255799",
            "description": "OCP nodes: all traffic within VPC, outbound to internet",
            "egress": [
              {
                "cidr_blocks": [
                  "0.0.0.0/0"
                ],
                "description": "All outbound",
                "from_port": 0,
                "ipv6_cidr_blocks": [],
                "prefix_list_ids": [],
                "protocol": "-1",
                "security_groups": [],
                "self": false,
                "to_port": 0
              }
            ],
            "id": "sg-05e13b05920255799",
            "ingress": [
              {
                "cidr_blocks": [
                  "10.0.0.0/20"
                ],
                "description": "All traffic from VPC subnet",
                "from_port": 0,
                "ipv6_cidr_blocks": [],
                "prefix_list_ids": [],
                "protocol": "-1",
                "security_groups": [],
                "self": false,
                "to_port": 0
              },
              {
                "cidr_blocks": [],
                "description": "All traffic from same SG",
                "from_port": 0,
                "ipv6_cidr_blocks": [],
                "prefix_list_ids": [],
                "protocol": "-1",
                "security_groups": [],
                "self": true,
                "to_port": 0
              }
            ],
            "name": "ocp-poc-nodes-sg",
            "name_prefix": "",
            "owner_id": "853973692277",
            "revoke_rules_on_delete": false,
            "tags": {
              "Environment": "poc",
              "ManagedBy": "terraform",
              "Name": "ocp-poc-nodes-sg",
              "Project": "ocp-poc"
            },
            "tags_all": {
              "Environment": "poc",
              "ManagedBy": "terraform",
              "Name": "ocp-poc-nodes-sg",
              "Project": "ocp-poc"
            },
            "timeouts": null,
            "vpc_id": "vpc-08d855c62dab21d5e"
          },
          "sensitive_attributes": [],
          "identity_schema_version": 0,
          "private": "eyJlMmJmYjczMC1lY2FhLTExZTYtOGY4OC0zNDM2M2JjN2M0YzAiOnsiY3JlYXRlIjo2MDAwMDAwMDAwMDAsImRlbGV0ZSI6OTAwMDAwMDAwMDAwfSwic2NoZW1hX3ZlcnNpb24iOiIxIn0=",
          "dependencies": [
            "aws_vpc.ocp"
          ]
        }
      ]
    },
    {
      "mode": "managed",
      "type": "aws_subnet",
      "name": "ocp",
      "provider": "provider[\"registry.terraform.io/hashicorp/aws\"]",
      "instances": [
        {
          "schema_version": 1,
          "attributes": {
            "arn": "arn:aws:ec2:us-east-1:853973692277:subnet/subnet-09fbe943f9c0796ed",
            "assign_ipv6_address_on_creation": false,
            "availability_zone": "us-east-1a",
            "availability_zone_id": "use1-az1",
            "cidr_block": "10.0.0.0/20",
            "customer_owned_ipv4_pool": "",
            "enable_dns64": false,
            "enable_lni_at_device_index": 0,
            "enable_resource_name_dns_a_record_on_launch": false,
            "enable_resource_name_dns_aaaa_record_on_launch": false,
            "id": "subnet-09fbe943f9c0796ed",
            "ipv6_cidr_block": "",
            "ipv6_cidr_block_association_id": "",
            "ipv6_native": false,
            "map_customer_owned_ip_on_launch": false,
            "map_public_ip_on_launch": true,
            "outpost_arn": "",
            "owner_id": "853973692277",
            "private_dns_hostname_type_on_launch": "ip-name",
            "tags": {
              "Environment": "poc",
              "ManagedBy": "terraform",
              "Name": "ocp-poc-subnet",
              "Project": "ocp-poc",
              "createdby": "pradeepsn@presidio.com",
              "modifiedby": "pradeepsn@presidio.com"
            },
            "tags_all": {
              "Environment": "poc",
              "ManagedBy": "terraform",
              "Name": "ocp-poc-subnet",
              "Project": "ocp-poc",
              "createdby": "pradeepsn@presidio.com",
              "modifiedby": "pradeepsn@presidio.com"
            },
            "timeouts": null,
            "vpc_id": "vpc-08d855c62dab21d5e"
          },
          "sensitive_attributes": [],
          "identity_schema_version": 0,
          "private": "eyJlMmJmYjczMC1lY2FhLTExZTYtOGY4OC0zNDM2M2JjN2M0YzAiOnsiY3JlYXRlIjo2MDAwMDAwMDAwMDAsImRlbGV0ZSI6MTIwMDAwMDAwMDAwMH0sInNjaGVtYV92ZXJzaW9uIjoiMSJ9",
          "dependencies": [
            "aws_vpc.ocp"
          ]
        }
      ]
    },
    {
      "mode": "managed",
      "type": "aws_volume_attachment",
      "name": "rhcos",
      "provider": "provider[\"registry.terraform.io/hashicorp/aws\"]",
      "instances": [
        {
          "index_key": "bootstrap",
          "schema_version": 0,
          "attributes": {
            "device_name": "/dev/xvdf",
            "force_detach": true,
            "id": "vai-1532241525",
            "instance_id": "i-0b15b234dc70dd4b1",
            "skip_destroy": null,
            "stop_instance_before_detaching": null,
            "timeouts": null,
            "volume_id": "vol-0e815c2d740cd2a1b"
          },
          "sensitive_attributes": [],
          "identity_schema_version": 0,
          "private": "eyJlMmJmYjczMC1lY2FhLTExZTYtOGY4OC0zNDM2M2JjN2M0YzAiOnsiY3JlYXRlIjozMDAwMDAwMDAwMDAsImRlbGV0ZSI6MzAwMDAwMDAwMDAwfX0=",
          "dependencies": [
            "aws_ebs_volume.rhcos",
            "aws_iam_instance_profile.ocp_node",
            "aws_iam_role.ocp_node",
            "aws_instance.bastion",
            "aws_instance.ocp_node",
            "aws_key_pair.ocp",
            "aws_security_group.bastion",
            "aws_security_group.ocp_nodes",
            "aws_subnet.ocp",
            "aws_vpc.ocp",
            "data.aws_ami.ubuntu"
          ]
        },
        {
          "index_key": "master0",
          "schema_version": 0,
          "attributes": {
            "device_name": "/dev/xvdf",
            "force_detach": true,
            "id": "vai-1721634486",
            "instance_id": "i-0148dbb43c4c20193",
            "skip_destroy": null,
            "stop_instance_before_detaching": null,
            "timeouts": null,
            "volume_id": "vol-023d5a867ace8e586"
          },
          "sensitive_attributes": [],
          "identity_schema_version": 0,
          "private": "eyJlMmJmYjczMC1lY2FhLTExZTYtOGY4OC0zNDM2M2JjN2M0YzAiOnsiY3JlYXRlIjozMDAwMDAwMDAwMDAsImRlbGV0ZSI6MzAwMDAwMDAwMDAwfX0=",
          "dependencies": [
            "aws_ebs_volume.rhcos",
            "aws_iam_instance_profile.ocp_node",
            "aws_iam_role.ocp_node",
            "aws_instance.bastion",
            "aws_instance.ocp_node",
            "aws_key_pair.ocp",
            "aws_security_group.bastion",
            "aws_security_group.ocp_nodes",
            "aws_subnet.ocp",
            "aws_vpc.ocp",
            "data.aws_ami.ubuntu"
          ]
        },
        {
          "index_key": "master1",
          "schema_version": 0,
          "attributes": {
            "device_name": "/dev/xvdf",
            "force_detach": true,
            "id": "vai-3526575854",
            "instance_id": "i-06f8c049494fe19fa",
            "skip_destroy": null,
            "stop_instance_before_detaching": null,
            "timeouts": null,
            "volume_id": "vol-0055dd8c387f9239e"
          },
          "sensitive_attributes": [],
          "identity_schema_version": 0,
          "private": "eyJlMmJmYjczMC1lY2FhLTExZTYtOGY4OC0zNDM2M2JjN2M0YzAiOnsiY3JlYXRlIjozMDAwMDAwMDAwMDAsImRlbGV0ZSI6MzAwMDAwMDAwMDAwfX0=",
          "dependencies": [
            "aws_ebs_volume.rhcos",
            "aws_iam_instance_profile.ocp_node",
            "aws_iam_role.ocp_node",
            "aws_instance.bastion",
            "aws_instance.ocp_node",
            "aws_key_pair.ocp",
            "aws_security_group.bastion",
            "aws_security_group.ocp_nodes",
            "aws_subnet.ocp",
            "aws_vpc.ocp",
            "data.aws_ami.ubuntu"
          ]
        },
        {
          "index_key": "master2",
          "schema_version": 0,
          "attributes": {
            "device_name": "/dev/xvdf",
            "force_detach": true,
            "id": "vai-1561832988",
            "instance_id": "i-0ebf6956987a0af49",
            "skip_destroy": null,
            "stop_instance_before_detaching": null,
            "timeouts": null,
            "volume_id": "vol-0dbd99acbf0c96e35"
          },
          "sensitive_attributes": [],
          "identity_schema_version": 0,
          "private": "eyJlMmJmYjczMC1lY2FhLTExZTYtOGY4OC0zNDM2M2JjN2M0YzAiOnsiY3JlYXRlIjozMDAwMDAwMDAwMDAsImRlbGV0ZSI6MzAwMDAwMDAwMDAwfX0=",
          "dependencies": [
            "aws_ebs_volume.rhcos",
            "aws_iam_instance_profile.ocp_node",
            "aws_iam_role.ocp_node",
            "aws_instance.bastion",
            "aws_instance.ocp_node",
            "aws_key_pair.ocp",
            "aws_security_group.bastion",
            "aws_security_group.ocp_nodes",
            "aws_subnet.ocp",
            "aws_vpc.ocp",
            "data.aws_ami.ubuntu"
          ]
        },
        {
          "index_key": "worker0",
          "schema_version": 0,
          "attributes": {
            "device_name": "/dev/xvdf",
            "force_detach": true,
            "id": "vai-2721724049",
            "instance_id": "i-085e7307b2538618f",
            "skip_destroy": null,
            "stop_instance_before_detaching": null,
            "timeouts": null,
            "volume_id": "vol-0167484f0f16bba13"
          },
          "sensitive_attributes": [],
          "identity_schema_version": 0,
          "private": "eyJlMmJmYjczMC1lY2FhLTExZTYtOGY4OC0zNDM2M2JjN2M0YzAiOnsiY3JlYXRlIjozMDAwMDAwMDAwMDAsImRlbGV0ZSI6MzAwMDAwMDAwMDAwfX0=",
          "dependencies": [
            "aws_ebs_volume.rhcos",
            "aws_iam_instance_profile.ocp_node",
            "aws_iam_role.ocp_node",
            "aws_instance.bastion",
            "aws_instance.ocp_node",
            "aws_key_pair.ocp",
            "aws_security_group.bastion",
            "aws_security_group.ocp_nodes",
            "aws_subnet.ocp",
            "aws_vpc.ocp",
            "data.aws_ami.ubuntu"
          ]
        },
        {
          "index_key": "worker1",
          "schema_version": 0,
          "attributes": {
            "device_name": "/dev/xvdf",
            "force_detach": true,
            "id": "vai-3809390045",
            "instance_id": "i-0d6c2e6406c3b773f",
            "skip_destroy": null,
            "stop_instance_before_detaching": null,
            "timeouts": null,
            "volume_id": "vol-05701c6e72aa06ef3"
          },
          "sensitive_attributes": [],
          "identity_schema_version": 0,
          "private": "eyJlMmJmYjczMC1lY2FhLTExZTYtOGY4OC0zNDM2M2JjN2M0YzAiOnsiY3JlYXRlIjozMDAwMDAwMDAwMDAsImRlbGV0ZSI6MzAwMDAwMDAwMDAwfX0=",
          "dependencies": [
            "aws_ebs_volume.rhcos",
            "aws_iam_instance_profile.ocp_node",
            "aws_iam_role.ocp_node",
            "aws_instance.bastion",
            "aws_instance.ocp_node",
            "aws_key_pair.ocp",
            "aws_security_group.bastion",
            "aws_security_group.ocp_nodes",
            "aws_subnet.ocp",
            "aws_vpc.ocp",
            "data.aws_ami.ubuntu"
          ]
        }
      ]
    },
    {
      "mode": "managed",
      "type": "aws_vpc",
      "name": "ocp",
      "provider": "provider[\"registry.terraform.io/hashicorp/aws\"]",
      "instances": [
        {
          "schema_version": 1,
          "attributes": {
            "arn": "arn:aws:ec2:us-east-1:853973692277:vpc/vpc-08d855c62dab21d5e",
            "assign_generated_ipv6_cidr_block": false,
            "cidr_block": "10.0.0.0/16",
            "default_network_acl_id": "acl-0c6fd833793c03539",
            "default_route_table_id": "rtb-08a9e89853afcc726",
            "default_security_group_id": "sg-04b26e4c469208f32",
            "dhcp_options_id": "default",
            "enable_dns_hostnames": true,
            "enable_dns_support": true,
            "enable_network_address_usage_metrics": false,
            "id": "vpc-08d855c62dab21d5e",
            "instance_tenancy": "default",
            "ipv4_ipam_pool_id": null,
            "ipv4_netmask_length": null,
            "ipv6_association_id": "",
            "ipv6_cidr_block": "",
            "ipv6_cidr_block_network_border_group": "",
            "ipv6_ipam_pool_id": "",
            "ipv6_netmask_length": 0,
            "main_route_table_id": "rtb-08a9e89853afcc726",
            "owner_id": "853973692277",
            "tags": {
              "Environment": "poc",
              "ManagedBy": "terraform",
              "Name": "ocp-poc-vpc",
              "Project": "ocp-poc"
            },
            "tags_all": {
              "Environment": "poc",
              "ManagedBy": "terraform",
              "Name": "ocp-poc-vpc",
              "Project": "ocp-poc"
            }
          },
          "sensitive_attributes": [],
          "identity_schema_version": 0,
          "private": "eyJzY2hlbWFfdmVyc2lvbiI6IjEifQ=="
        }
      ]
    },
    {
      "mode": "managed",
      "type": "aws_vpc_dhcp_options",
      "name": "ocp",
      "provider": "provider[\"registry.terraform.io/hashicorp/aws\"]",
      "instances": [
        {
          "schema_version": 0,
          "attributes": {
            "arn": "arn:aws:ec2:us-east-1:853973692277:dhcp-options/dopt-01c57ffe8f902c469",
            "domain_name": "ec2.internal",
            "domain_name_servers": [
              "10.0.1.10"
            ],
            "id": "dopt-01c57ffe8f902c469",
            "ipv6_address_preferred_lease_time": "",
            "netbios_name_servers": null,
            "netbios_node_type": "",
            "ntp_servers": null,
            "owner_id": "853973692277",
            "tags": {
              "Environment": "poc",
              "ManagedBy": "terraform",
              "Name": "ocp-poc-dhcp-opts",
              "Project": "ocp-poc"
            },
            "tags_all": {
              "Environment": "poc",
              "ManagedBy": "terraform",
              "Name": "ocp-poc-dhcp-opts",
              "Project": "ocp-poc"
            }
          },
          "sensitive_attributes": [],
          "identity_schema_version": 0,
          "private": "bnVsbA=="
        }
      ]
    },
    {
      "mode": "managed",
      "type": "aws_vpc_dhcp_options_association",
      "name": "ocp",
      "provider": "provider[\"registry.terraform.io/hashicorp/aws\"]",
      "instances": [
        {
          "schema_version": 0,
          "attributes": {
            "dhcp_options_id": "dopt-01c57ffe8f902c469",
            "id": "dopt-01c57ffe8f902c469-vpc-08d855c62dab21d5e",
            "vpc_id": "vpc-08d855c62dab21d5e"
          },
          "sensitive_attributes": [],
          "identity_schema_version": 0,
          "private": "bnVsbA==",
          "dependencies": [
            "aws_vpc.ocp",
            "aws_vpc_dhcp_options.ocp"
          ]
        }
      ]
    }
  ],
  "check_results": null
}
